{
  "name": "yourwishesfuneraladvocacy",
  "version": "1.0.0",
  "lockfileVersion": 2,
  "requires": true,
  "packages": {
    "": {
      "name": "yourwishesfuneraladvocacy",
      "version": "1.0.0",
      "license": "MIT",
      "dependencies": {
        "bootstrap": "~5.0.0-beta2",
        "bootstrap-icons": "~1.2.0",
        "socicon": "^3.0.5"
      }
    },
    "node_modules/@popperjs/core": {
      "version": "2.6.0",
      "resolved": "https://registry.npmjs.org/@popperjs/core/-/core-2.6.0.tgz",
      "integrity": "sha512-cPqjjzuFWNK3BSKLm0abspP0sp/IGOli4p5I5fKFAzdS8fvjdOwDCfZqAaIiXd9lPkOWi3SUUfZof3hEb7J/uw==",
      "peer": true,
      "funding": {
        "type": "opencollective",
        "url": "https://opencollective.com/popperjs"
      }
    },
    "node_modules/bootstrap": {
      "version": "5.0.0-beta2",
      "resolved": "https://registry.npmjs.org/bootstrap/-/bootstrap-5.0.0-beta2.tgz",
      "integrity": "sha512-e+uPbPHqTQWKyCX435uVlOmgH9tUt0xtjvyOC7knhKgOS643BrQKuTo+KecGpPV7qlmOyZgCfaM4xxPWtDEN/g==",
      "funding": {
        "type": "opencollective",
        "url": "https://opencollective.com/bootstrap"
      },
      "peerDependencies": {
        "@popperjs/core": "^2.6.0"
      }
    },
    "node_modules/bootstrap-icons": {
      "version": "1.2.2",
      "resolved": "https://registry.npmjs.org/bootstrap-icons/-/bootstrap-icons-1.2.2.tgz",
      "integrity": "sha512-7rFICA7E/CgYLvu8zYtd2wMZYhYPQ0GtogZtQyJz/3melCGeQ76qas5wItIEwiUNmtZWg2SP2p8Ekxy3Nk7vvg==",
      "engines": {
        "node": ">=10"
      }
    },
    "node_modules/socicon": {
      "version": "3.0.5",
      "resolved": "https://registry.npmjs.org/socicon/-/socicon-3.0.5.tgz",
      "integrity": "sha1-v6Bvz38rbzzcOUQzd0I1jp4FC20="
    }
  },
  "dependencies": {
    "@popperjs/core": {
      "version": "2.6.0",
      "resolved": "https://registry.npmjs.org/@popperjs/core/-/core-2.6.0.tgz",
      "integrity": "sha512-cPqjjzuFWNK3BSKLm0abspP0sp/IGOli4p5I5fKFAzdS8fvjdOwDCfZqAaIiXd9lPkOWi3SUUfZof3hEb7J/uw==",
      "peer": true
    },
    "bootstrap": {
      "version": "5.0.0-beta2",
      "resolved": "https://registry.npmjs.org/bootstrap/-/bootstrap-5.0.0-beta2.tgz",
      "integrity": "sha512-e+uPbPHqTQWKyCX435uVlOmgH9tUt0xtjvyOC7knhKgOS643BrQKuTo+KecGpPV7qlmOyZgCfaM4xxPWtDEN/g==",
      "requires": {}
    },
    "bootstrap-icons": {
      "version": "1.2.2",
      "resolved": "https://registry.npmjs.org/bootstrap-icons/-/bootstrap-icons-1.2.2.tgz",
      "integrity": "sha512-7rFICA7E/CgYLvu8zYtd2wMZYhYPQ0GtogZtQyJz/3melCGeQ76qas5wItIEwiUNmtZWg2SP2p8Ekxy3Nk7vvg=="
    },
    "socicon": {
      "version": "3.0.5",
      "resolved": "https://registry.npmjs.org/socicon/-/socicon-3.0.5.tgz",
      "integrity": "sha1-v6Bvz38rbzzcOUQzd0I1jp4FC20="
    }
  }
}
